// !$*UTF8*$!
{
	archiveVersion = 1;
	classes = {
	};
	objectVersion = 56;
	objects = {

/* Begin PBXBuildFile section */
		7103AE3E2A30770F001F4A47 /* OAuth2Service.swift in Sources */ = {isa = PBXBuildFile; fileRef = 7103AE3D2A30770F001F4A47 /* OAuth2Service.swift */; };
		7103AE402A30779C001F4A47 /* OAuth2TokenStorage.swift in Sources */ = {isa = PBXBuildFile; fileRef = 7103AE3F2A30779C001F4A47 /* OAuth2TokenStorage.swift */; };
		71118EB52A5AA845007F2EF2 /* WebViewPresenter.swift in Sources */ = {isa = PBXBuildFile; fileRef = 71118EB42A5AA845007F2EF2 /* WebViewPresenter.swift */; };
		71118EB72A5CA149007F2EF2 /* AuthHelper.swift in Sources */ = {isa = PBXBuildFile; fileRef = 71118EB62A5CA149007F2EF2 /* AuthHelper.swift */; };
		71118EBF2A5CA619007F2EF2 /* ImageFeedTests.swift in Sources */ = {isa = PBXBuildFile; fileRef = 71118EBE2A5CA619007F2EF2 /* ImageFeedTests.swift */; };
		71118EC62A5DDDFC007F2EF2 /* ProfileViewPresenter.swift in Sources */ = {isa = PBXBuildFile; fileRef = 71118EC52A5DDDFC007F2EF2 /* ProfileViewPresenter.swift */; };
		7139FE7129FD1E020081AD59 /* AppDelegate.swift in Sources */ = {isa = PBXBuildFile; fileRef = 7139FE7029FD1E020081AD59 /* AppDelegate.swift */; };
		7139FE7329FD1E020081AD59 /* SceneDelegate.swift in Sources */ = {isa = PBXBuildFile; fileRef = 7139FE7229FD1E020081AD59 /* SceneDelegate.swift */; };
		7139FE7529FD1E020081AD59 /* ImagesListViewController.swift in Sources */ = {isa = PBXBuildFile; fileRef = 7139FE7429FD1E020081AD59 /* ImagesListViewController.swift */; };
		7139FE7829FD1E020081AD59 /* Main.storyboard in Resources */ = {isa = PBXBuildFile; fileRef = 7139FE7629FD1E020081AD59 /* Main.storyboard */; };
		7139FE7A29FD1E030081AD59 /* Assets.xcassets in Resources */ = {isa = PBXBuildFile; fileRef = 7139FE7929FD1E030081AD59 /* Assets.xcassets */; };
		7139FE7D29FD1E030081AD59 /* LaunchScreen.storyboard in Resources */ = {isa = PBXBuildFile; fileRef = 7139FE7B29FD1E030081AD59 /* LaunchScreen.storyboard */; };
		7139FE8629FE5B600081AD59 /* UIColor+Extensions.swift in Sources */ = {isa = PBXBuildFile; fileRef = 7139FE8529FE5B600081AD59 /* UIColor+Extensions.swift */; };
		7139FEA829FEA5690081AD59 /* ImagesListCell.swift in Sources */ = {isa = PBXBuildFile; fileRef = 7139FEA729FEA5690081AD59 /* ImagesListCell.swift */; };
		7142DBF52A31D265000C38AB /* SplashViewController.swift in Sources */ = {isa = PBXBuildFile; fileRef = 7142DBF42A31D265000C38AB /* SplashViewController.swift */; };
		715143D72A48250F006A1432 /* ImagesListService.swift in Sources */ = {isa = PBXBuildFile; fileRef = 715143D62A48250F006A1432 /* ImagesListService.swift */; };
		717180C92A0D74F900C22CB8 /* ProfileViewController.swift in Sources */ = {isa = PBXBuildFile; fileRef = 717180C82A0D74F900C22CB8 /* ProfileViewController.swift */; };
		7179564E2A122770006D84F8 /* SingleImageViewController.swift in Sources */ = {isa = PBXBuildFile; fileRef = 7179564D2A122770006D84F8 /* SingleImageViewController.swift */; };
		7180AEB72A2B5CA300AD271D /* AuthConfiguration.swift in Sources */ = {isa = PBXBuildFile; fileRef = 7180AEB62A2B5CA300AD271D /* AuthConfiguration.swift */; };
		7180AEB92A2B79AA00AD271D /* AuthViewController.swift in Sources */ = {isa = PBXBuildFile; fileRef = 7180AEB82A2B79AA00AD271D /* AuthViewController.swift */; };
		7180AEBC2A2B7E7B00AD271D /* WebViewViewController.swift in Sources */ = {isa = PBXBuildFile; fileRef = 7180AEBB2A2B7E7B00AD271D /* WebViewViewController.swift */; };
		719381162A409645006C662D /* SwiftKeychainWrapper in Frameworks */ = {isa = PBXBuildFile; productRef = 719381152A409645006C662D /* SwiftKeychainWrapper */; };
		71A82ACE2A40ECC50054EC51 /* TabBarController.swift in Sources */ = {isa = PBXBuildFile; fileRef = 71A82ACD2A40ECC50054EC51 /* TabBarController.swift */; };
		71A82AD12A4381BF0054EC51 /* OptionalString+Extension.swift in Sources */ = {isa = PBXBuildFile; fileRef = 71A82AD02A4381BF0054EC51 /* OptionalString+Extension.swift */; };
		71AE683E2A3722FA007593BA /* ProgressHUD in Frameworks */ = {isa = PBXBuildFile; productRef = 71AE683D2A3722FA007593BA /* ProgressHUD */; };
		71AE68412A391CE3007593BA /* UIBlockingProgressHUD.swift in Sources */ = {isa = PBXBuildFile; fileRef = 71AE68402A391CE3007593BA /* UIBlockingProgressHUD.swift */; };
		71BDC17A2A3A597300D90FAD /* ProfileService.swift in Sources */ = {isa = PBXBuildFile; fileRef = 71BDC1792A3A597300D90FAD /* ProfileService.swift */; };
		71BDC17C2A3DB40F00D90FAD /* URLSession+Extensions.swift in Sources */ = {isa = PBXBuildFile; fileRef = 71BDC17B2A3DB40F00D90FAD /* URLSession+Extensions.swift */; };
		71DD306D2A3C6C4B0056304B /* ProfileImageService.swift in Sources */ = {isa = PBXBuildFile; fileRef = 71DD306C2A3C6C4B0056304B /* ProfileImageService.swift */; };
		71DD30702A4063B40056304B /* Kingfisher in Frameworks */ = {isa = PBXBuildFile; productRef = 71DD306F2A4063B40056304B /* Kingfisher */; };
/* End PBXBuildFile section */

/* Begin PBXContainerItemProxy section */
		71118EC02A5CA619007F2EF2 /* PBXContainerItemProxy */ = {
			isa = PBXContainerItemProxy;
			containerPortal = 7139FE6529FD1E020081AD59 /* Project object */;
			proxyType = 1;
			remoteGlobalIDString = 7139FE6C29FD1E020081AD59;
			remoteInfo = ImageFeed;
		};
/* End PBXContainerItemProxy section */

/* Begin PBXFileReference section */
		7103AE3D2A30770F001F4A47 /* OAuth2Service.swift */ = {isa = PBXFileReference; lastKnownFileType = sourcecode.swift; path = OAuth2Service.swift; sourceTree = "<group>"; };
		7103AE3F2A30779C001F4A47 /* OAuth2TokenStorage.swift */ = {isa = PBXFileReference; lastKnownFileType = sourcecode.swift; path = OAuth2TokenStorage.swift; sourceTree = "<group>"; };
		71118EB42A5AA845007F2EF2 /* WebViewPresenter.swift */ = {isa = PBXFileReference; lastKnownFileType = sourcecode.swift; path = WebViewPresenter.swift; sourceTree = "<group>"; };
		71118EB62A5CA149007F2EF2 /* AuthHelper.swift */ = {isa = PBXFileReference; lastKnownFileType = sourcecode.swift; path = AuthHelper.swift; sourceTree = "<group>"; };
		71118EBC2A5CA619007F2EF2 /* ImageFeedTests.xctest */ = {isa = PBXFileReference; explicitFileType = wrapper.cfbundle; includeInIndex = 0; path = ImageFeedTests.xctest; sourceTree = BUILT_PRODUCTS_DIR; };
		71118EBE2A5CA619007F2EF2 /* ImageFeedTests.swift */ = {isa = PBXFileReference; lastKnownFileType = sourcecode.swift; path = ImageFeedTests.swift; sourceTree = "<group>"; };
		71118EC52A5DDDFC007F2EF2 /* ProfileViewPresenter.swift */ = {isa = PBXFileReference; lastKnownFileType = sourcecode.swift; path = ProfileViewPresenter.swift; sourceTree = "<group>"; };
		7139FE6D29FD1E020081AD59 /* ImageFeed.app */ = {isa = PBXFileReference; explicitFileType = wrapper.application; includeInIndex = 0; path = ImageFeed.app; sourceTree = BUILT_PRODUCTS_DIR; };
		7139FE7029FD1E020081AD59 /* AppDelegate.swift */ = {isa = PBXFileReference; lastKnownFileType = sourcecode.swift; path = AppDelegate.swift; sourceTree = "<group>"; };
		7139FE7229FD1E020081AD59 /* SceneDelegate.swift */ = {isa = PBXFileReference; lastKnownFileType = sourcecode.swift; path = SceneDelegate.swift; sourceTree = "<group>"; };
		7139FE7429FD1E020081AD59 /* ImagesListViewController.swift */ = {isa = PBXFileReference; lastKnownFileType = sourcecode.swift; path = ImagesListViewController.swift; sourceTree = "<group>"; };
		7139FE7729FD1E020081AD59 /* Base */ = {isa = PBXFileReference; lastKnownFileType = file.storyboard; name = Base; path = Base.lproj/Main.storyboard; sourceTree = "<group>"; };
		7139FE7929FD1E030081AD59 /* Assets.xcassets */ = {isa = PBXFileReference; lastKnownFileType = folder.assetcatalog; path = Assets.xcassets; sourceTree = "<group>"; };
		7139FE7C29FD1E030081AD59 /* Base */ = {isa = PBXFileReference; lastKnownFileType = file.storyboard; name = Base; path = Base.lproj/LaunchScreen.storyboard; sourceTree = "<group>"; };
		7139FE7E29FD1E030081AD59 /* Info.plist */ = {isa = PBXFileReference; lastKnownFileType = text.plist.xml; path = Info.plist; sourceTree = "<group>"; };
		7139FE8529FE5B600081AD59 /* UIColor+Extensions.swift */ = {isa = PBXFileReference; lastKnownFileType = sourcecode.swift; path = "UIColor+Extensions.swift"; sourceTree = "<group>"; };
		7139FEA729FEA5690081AD59 /* ImagesListCell.swift */ = {isa = PBXFileReference; lastKnownFileType = sourcecode.swift; path = ImagesListCell.swift; sourceTree = "<group>"; };
		7142DBF42A31D265000C38AB /* SplashViewController.swift */ = {isa = PBXFileReference; lastKnownFileType = sourcecode.swift; path = SplashViewController.swift; sourceTree = "<group>"; };
		715143D62A48250F006A1432 /* ImagesListService.swift */ = {isa = PBXFileReference; lastKnownFileType = sourcecode.swift; path = ImagesListService.swift; sourceTree = "<group>"; };
		717180C82A0D74F900C22CB8 /* ProfileViewController.swift */ = {isa = PBXFileReference; lastKnownFileType = sourcecode.swift; path = ProfileViewController.swift; sourceTree = "<group>"; };
		7179564D2A122770006D84F8 /* SingleImageViewController.swift */ = {isa = PBXFileReference; lastKnownFileType = sourcecode.swift; path = SingleImageViewController.swift; sourceTree = "<group>"; };
		7180AEB62A2B5CA300AD271D /* AuthConfiguration.swift */ = {isa = PBXFileReference; lastKnownFileType = sourcecode.swift; path = AuthConfiguration.swift; sourceTree = "<group>"; };
		7180AEB82A2B79AA00AD271D /* AuthViewController.swift */ = {isa = PBXFileReference; lastKnownFileType = sourcecode.swift; path = AuthViewController.swift; sourceTree = "<group>"; };
		7180AEBB2A2B7E7B00AD271D /* WebViewViewController.swift */ = {isa = PBXFileReference; lastKnownFileType = sourcecode.swift; path = WebViewViewController.swift; sourceTree = "<group>"; };
		71A82ACD2A40ECC50054EC51 /* TabBarController.swift */ = {isa = PBXFileReference; lastKnownFileType = sourcecode.swift; path = TabBarController.swift; sourceTree = "<group>"; };
		71A82AD02A4381BF0054EC51 /* OptionalString+Extension.swift */ = {isa = PBXFileReference; lastKnownFileType = sourcecode.swift; path = "OptionalString+Extension.swift"; sourceTree = "<group>"; };
		71AE68402A391CE3007593BA /* UIBlockingProgressHUD.swift */ = {isa = PBXFileReference; lastKnownFileType = sourcecode.swift; path = UIBlockingProgressHUD.swift; sourceTree = "<group>"; };
		71BDC1792A3A597300D90FAD /* ProfileService.swift */ = {isa = PBXFileReference; lastKnownFileType = sourcecode.swift; path = ProfileService.swift; sourceTree = "<group>"; };
		71BDC17B2A3DB40F00D90FAD /* URLSession+Extensions.swift */ = {isa = PBXFileReference; lastKnownFileType = sourcecode.swift; path = "URLSession+Extensions.swift"; sourceTree = "<group>"; };
		71DD306C2A3C6C4B0056304B /* ProfileImageService.swift */ = {isa = PBXFileReference; lastKnownFileType = sourcecode.swift; path = ProfileImageService.swift; sourceTree = "<group>"; };
/* End PBXFileReference section */

/* Begin PBXFrameworksBuildPhase section */
		71118EB92A5CA619007F2EF2 /* Frameworks */ = {
			isa = PBXFrameworksBuildPhase;
			buildActionMask = 2147483647;
			files = (
			);
			runOnlyForDeploymentPostprocessing = 0;
		};
		7139FE6A29FD1E020081AD59 /* Frameworks */ = {
			isa = PBXFrameworksBuildPhase;
			buildActionMask = 2147483647;
			files = (
				71DD30702A4063B40056304B /* Kingfisher in Frameworks */,
				71AE683E2A3722FA007593BA /* ProgressHUD in Frameworks */,
				719381162A409645006C662D /* SwiftKeychainWrapper in Frameworks */,
			);
			runOnlyForDeploymentPostprocessing = 0;
		};
/* End PBXFrameworksBuildPhase section */

/* Begin PBXGroup section */
		71118EBD2A5CA619007F2EF2 /* ImageFeedTests */ = {
			isa = PBXGroup;
			children = (
				71118EBE2A5CA619007F2EF2 /* ImageFeedTests.swift */,
			);
			path = ImageFeedTests;
			sourceTree = "<group>";
		};
		7139FE6429FD1E020081AD59 = {
			isa = PBXGroup;
			children = (
				7139FE6F29FD1E020081AD59 /* ImageFeed */,
				71118EBD2A5CA619007F2EF2 /* ImageFeedTests */,
				7139FE6E29FD1E020081AD59 /* Products */,
			);
			sourceTree = "<group>";
		};
		7139FE6E29FD1E020081AD59 /* Products */ = {
			isa = PBXGroup;
			children = (
				7139FE6D29FD1E020081AD59 /* ImageFeed.app */,
				71118EBC2A5CA619007F2EF2 /* ImageFeedTests.xctest */,
			);
			name = Products;
			sourceTree = "<group>";
		};
		7139FE6F29FD1E020081AD59 /* ImageFeed */ = {
			isa = PBXGroup;
			children = (
				7139FE7029FD1E020081AD59 /* AppDelegate.swift */,
				7139FE7229FD1E020081AD59 /* SceneDelegate.swift */,
				7180AEB62A2B5CA300AD271D /* AuthConfiguration.swift */,
				7180AEBA2A2B7A0E00AD271D /* Auth */,
				7139FEA929FEA5CD0081AD59 /* ImagesList */,
				717180CA2A0F8A5600C22CB8 /* Profile */,
				71AE683F2A391C8C007593BA /* Services */,
				7179564C2A122744006D84F8 /* SingleImageView */,
				7142DBF32A31D1E6000C38AB /* Splash */,
				71A82ACF2A423C750054EC51 /* TabBar */,
				7139FE7629FD1E020081AD59 /* Main.storyboard */,
				7139FE8429FE5B3D0081AD59 /* Helpers */,
				7139FE7929FD1E030081AD59 /* Assets.xcassets */,
				7139FE7B29FD1E030081AD59 /* LaunchScreen.storyboard */,
				7139FE7E29FD1E030081AD59 /* Info.plist */,
			);
			path = ImageFeed;
			sourceTree = "<group>";
		};
		7139FE8429FE5B3D0081AD59 /* Helpers */ = {
			isa = PBXGroup;
			children = (
				7139FE8529FE5B600081AD59 /* UIColor+Extensions.swift */,
				71BDC17B2A3DB40F00D90FAD /* URLSession+Extensions.swift */,
				71A82AD02A4381BF0054EC51 /* OptionalString+Extension.swift */,
			);
			path = Helpers;
			sourceTree = "<group>";
		};
		7139FEA929FEA5CD0081AD59 /* ImagesList */ = {
			isa = PBXGroup;
			children = (
				715143D62A48250F006A1432 /* ImagesListService.swift */,
				7139FE7429FD1E020081AD59 /* ImagesListViewController.swift */,
				7139FEA729FEA5690081AD59 /* ImagesListCell.swift */,
			);
			path = ImagesList;
			sourceTree = "<group>";
		};
		7142DBF32A31D1E6000C38AB /* Splash */ = {
			isa = PBXGroup;
			children = (
				7142DBF42A31D265000C38AB /* SplashViewController.swift */,
			);
			path = Splash;
			sourceTree = "<group>";
		};
		717180CA2A0F8A5600C22CB8 /* Profile */ = {
			isa = PBXGroup;
			children = (
				71BDC1792A3A597300D90FAD /* ProfileService.swift */,
				71DD306C2A3C6C4B0056304B /* ProfileImageService.swift */,
				717180C82A0D74F900C22CB8 /* ProfileViewController.swift */,
				71118EC52A5DDDFC007F2EF2 /* ProfileViewPresenter.swift */,
			);
			path = Profile;
			sourceTree = "<group>";
		};
		7179564C2A122744006D84F8 /* SingleImageView */ = {
			isa = PBXGroup;
			children = (
				7179564D2A122770006D84F8 /* SingleImageViewController.swift */,
			);
			path = SingleImageView;
			sourceTree = "<group>";
		};
		7180AEBA2A2B7A0E00AD271D /* Auth */ = {
			isa = PBXGroup;
			children = (
				7180AEB82A2B79AA00AD271D /* AuthViewController.swift */,
				7180AEBB2A2B7E7B00AD271D /* WebViewViewController.swift */,
				71118EB42A5AA845007F2EF2 /* WebViewPresenter.swift */,
				71118EB62A5CA149007F2EF2 /* AuthHelper.swift */,
				7103AE3D2A30770F001F4A47 /* OAuth2Service.swift */,
				7103AE3F2A30779C001F4A47 /* OAuth2TokenStorage.swift */,
			);
			path = Auth;
			sourceTree = "<group>";
		};
		71A82ACF2A423C750054EC51 /* TabBar */ = {
			isa = PBXGroup;
			children = (
				71A82ACD2A40ECC50054EC51 /* TabBarController.swift */,
			);
			path = TabBar;
			sourceTree = "<group>";
		};
		71AE683F2A391C8C007593BA /* Services */ = {
			isa = PBXGroup;
			children = (
				71AE68402A391CE3007593BA /* UIBlockingProgressHUD.swift */,
			);
			path = Services;
			sourceTree = "<group>";
		};
/* End PBXGroup section */

/* Begin PBXNativeTarget section */
		71118EBB2A5CA619007F2EF2 /* ImageFeedTests */ = {
			isa = PBXNativeTarget;
			buildConfigurationList = 71118EC22A5CA619007F2EF2 /* Build configuration list for PBXNativeTarget "ImageFeedTests" */;
			buildPhases = (
				71118EB82A5CA619007F2EF2 /* Sources */,
				71118EB92A5CA619007F2EF2 /* Frameworks */,
				71118EBA2A5CA619007F2EF2 /* Resources */,
			);
			buildRules = (
			);
			dependencies = (
				71118EC12A5CA619007F2EF2 /* PBXTargetDependency */,
			);
			name = ImageFeedTests;
			productName = ImageFeedTests;
			productReference = 71118EBC2A5CA619007F2EF2 /* ImageFeedTests.xctest */;
			productType = "com.apple.product-type.bundle.unit-test";
		};
		7139FE6C29FD1E020081AD59 /* ImageFeed */ = {
			isa = PBXNativeTarget;
			buildConfigurationList = 7139FE8129FD1E030081AD59 /* Build configuration list for PBXNativeTarget "ImageFeed" */;
			buildPhases = (
				7139FE6929FD1E020081AD59 /* Sources */,
				7139FE6A29FD1E020081AD59 /* Frameworks */,
				7139FE6B29FD1E020081AD59 /* Resources */,
			);
			buildRules = (
			);
			dependencies = (
			);
			name = ImageFeed;
			packageProductDependencies = (
				71AE683D2A3722FA007593BA /* ProgressHUD */,
				71DD306F2A4063B40056304B /* Kingfisher */,
				719381152A409645006C662D /* SwiftKeychainWrapper */,
			);
			productName = ImageFeed;
			productReference = 7139FE6D29FD1E020081AD59 /* ImageFeed.app */;
			productType = "com.apple.product-type.application";
		};
/* End PBXNativeTarget section */

/* Begin PBXProject section */
		7139FE6529FD1E020081AD59 /* Project object */ = {
			isa = PBXProject;
			attributes = {
				BuildIndependentTargetsInParallel = 1;
				LastSwiftUpdateCheck = 1430;
				LastUpgradeCheck = 1410;
				TargetAttributes = {
					71118EBB2A5CA619007F2EF2 = {
						CreatedOnToolsVersion = 14.3;
						TestTargetID = 7139FE6C29FD1E020081AD59;
					};
					7139FE6C29FD1E020081AD59 = {
						CreatedOnToolsVersion = 14.1;
					};
				};
			};
			buildConfigurationList = 7139FE6829FD1E020081AD59 /* Build configuration list for PBXProject "ImageFeed" */;
			compatibilityVersion = "Xcode 14.0";
			developmentRegion = en;
			hasScannedForEncodings = 0;
			knownRegions = (
				en,
				Base,
			);
			mainGroup = 7139FE6429FD1E020081AD59;
			packageReferences = (
				71AE683C2A3722FA007593BA /* XCRemoteSwiftPackageReference "ProgressHUD" */,
				71DD306E2A4063B40056304B /* XCRemoteSwiftPackageReference "Kingfisher" */,
				719381142A409645006C662D /* XCRemoteSwiftPackageReference "SwiftKeychainWrapper" */,
			);
			productRefGroup = 7139FE6E29FD1E020081AD59 /* Products */;
			projectDirPath = "";
			projectRoot = "";
			targets = (
				7139FE6C29FD1E020081AD59 /* ImageFeed */,
				71118EBB2A5CA619007F2EF2 /* ImageFeedTests */,
			);
		};
/* End PBXProject section */

/* Begin PBXResourcesBuildPhase section */
		71118EBA2A5CA619007F2EF2 /* Resources */ = {
			isa = PBXResourcesBuildPhase;
			buildActionMask = 2147483647;
			files = (
			);
			runOnlyForDeploymentPostprocessing = 0;
		};
		7139FE6B29FD1E020081AD59 /* Resources */ = {
			isa = PBXResourcesBuildPhase;
			buildActionMask = 2147483647;
			files = (
				7139FE7D29FD1E030081AD59 /* LaunchScreen.storyboard in Resources */,
				7139FE7A29FD1E030081AD59 /* Assets.xcassets in Resources */,
				7139FE7829FD1E020081AD59 /* Main.storyboard in Resources */,
			);
			runOnlyForDeploymentPostprocessing = 0;
		};
/* End PBXResourcesBuildPhase section */

/* Begin PBXSourcesBuildPhase section */
		71118EB82A5CA619007F2EF2 /* Sources */ = {
			isa = PBXSourcesBuildPhase;
			buildActionMask = 2147483647;
			files = (
				71118EBF2A5CA619007F2EF2 /* ImageFeedTests.swift in Sources */,
			);
			runOnlyForDeploymentPostprocessing = 0;
		};
		7139FE6929FD1E020081AD59 /* Sources */ = {
			isa = PBXSourcesBuildPhase;
			buildActionMask = 2147483647;
			files = (
				7103AE402A30779C001F4A47 /* OAuth2TokenStorage.swift in Sources */,
				7180AEBC2A2B7E7B00AD271D /* WebViewViewController.swift in Sources */,
				717180C92A0D74F900C22CB8 /* ProfileViewController.swift in Sources */,
				71A82ACE2A40ECC50054EC51 /* TabBarController.swift in Sources */,
				7139FE7529FD1E020081AD59 /* ImagesListViewController.swift in Sources */,
				715143D72A48250F006A1432 /* ImagesListService.swift in Sources */,
				7139FE7129FD1E020081AD59 /* AppDelegate.swift in Sources */,
				71118EB72A5CA149007F2EF2 /* AuthHelper.swift in Sources */,
				71BDC17C2A3DB40F00D90FAD /* URLSession+Extensions.swift in Sources */,
				7103AE3E2A30770F001F4A47 /* OAuth2Service.swift in Sources */,
				7142DBF52A31D265000C38AB /* SplashViewController.swift in Sources */,
				7179564E2A122770006D84F8 /* SingleImageViewController.swift in Sources */,
				7139FEA829FEA5690081AD59 /* ImagesListCell.swift in Sources */,
				71DD306D2A3C6C4B0056304B /* ProfileImageService.swift in Sources */,
				7139FE7329FD1E020081AD59 /* SceneDelegate.swift in Sources */,
				7139FE8629FE5B600081AD59 /* UIColor+Extensions.swift in Sources */,
				71118EC62A5DDDFC007F2EF2 /* ProfileViewPresenter.swift in Sources */,
				7180AEB92A2B79AA00AD271D /* AuthViewController.swift in Sources */,
				71118EB52A5AA845007F2EF2 /* WebViewPresenter.swift in Sources */,
				7180AEB72A2B5CA300AD271D /* AuthConfiguration.swift in Sources */,
				71A82AD12A4381BF0054EC51 /* OptionalString+Extension.swift in Sources */,
				71AE68412A391CE3007593BA /* UIBlockingProgressHUD.swift in Sources */,
				71BDC17A2A3A597300D90FAD /* ProfileService.swift in Sources */,
			);
			runOnlyForDeploymentPostprocessing = 0;
		};
/* End PBXSourcesBuildPhase section */

/* Begin PBXTargetDependency section */
		71118EC12A5CA619007F2EF2 /* PBXTargetDependency */ = {
			isa = PBXTargetDependency;
			target = 7139FE6C29FD1E020081AD59 /* ImageFeed */;
			targetProxy = 71118EC02A5CA619007F2EF2 /* PBXContainerItemProxy */;
		};
/* End PBXTargetDependency section */

/* Begin PBXVariantGroup section */
		7139FE7629FD1E020081AD59 /* Main.storyboard */ = {
			isa = PBXVariantGroup;
			children = (
				7139FE7729FD1E020081AD59 /* Base */,
			);
			name = Main.storyboard;
			sourceTree = "<group>";
		};
		7139FE7B29FD1E030081AD59 /* LaunchScreen.storyboard */ = {
			isa = PBXVariantGroup;
			children = (
				7139FE7C29FD1E030081AD59 /* Base */,
			);
			name = LaunchScreen.storyboard;
			sourceTree = "<group>";
		};
/* End PBXVariantGroup section */

/* Begin XCBuildConfiguration section */
		71118EC32A5CA619007F2EF2 /* Debug */ = {
			isa = XCBuildConfiguration;
			buildSettings = {
				BUNDLE_LOADER = "$(TEST_HOST)";
				CODE_SIGN_STYLE = Automatic;
				CURRENT_PROJECT_VERSION = 1;
				DEVELOPMENT_TEAM = HHH7UM2G2C;
				GENERATE_INFOPLIST_FILE = YES;
				IPHONEOS_DEPLOYMENT_TARGET = 16.4;
				MARKETING_VERSION = 1.0;
				PRODUCT_BUNDLE_IDENTIFIER = ru.tinkov.aleksei.ImageFeedTests;
				PRODUCT_NAME = "$(TARGET_NAME)";
				SWIFT_EMIT_LOC_STRINGS = NO;
				SWIFT_VERSION = 5.0;
				TARGETED_DEVICE_FAMILY = "1,2";
				TEST_HOST = "$(BUILT_PRODUCTS_DIR)/ImageFeed.app/$(BUNDLE_EXECUTABLE_FOLDER_PATH)/ImageFeed";
			};
			name = Debug;
		};
		71118EC42A5CA619007F2EF2 /* Release */ = {
			isa = XCBuildConfiguration;
			buildSettings = {
				BUNDLE_LOADER = "$(TEST_HOST)";
				CODE_SIGN_STYLE = Automatic;
				CURRENT_PROJECT_VERSION = 1;
				DEVELOPMENT_TEAM = HHH7UM2G2C;
				GENERATE_INFOPLIST_FILE = YES;
				IPHONEOS_DEPLOYMENT_TARGET = 16.4;
				MARKETING_VERSION = 1.0;
				PRODUCT_BUNDLE_IDENTIFIER = ru.tinkov.aleksei.ImageFeedTests;
				PRODUCT_NAME = "$(TARGET_NAME)";
				SWIFT_EMIT_LOC_STRINGS = NO;
				SWIFT_VERSION = 5.0;
				TARGETED_DEVICE_FAMILY = "1,2";
				TEST_HOST = "$(BUILT_PRODUCTS_DIR)/ImageFeed.app/$(BUNDLE_EXECUTABLE_FOLDER_PATH)/ImageFeed";
			};
			name = Release;
		};
		7139FE7F29FD1E030081AD59 /* Debug */ = {
			isa = XCBuildConfiguration;
			buildSettings = {
				ALWAYS_SEARCH_USER_PATHS = NO;
				CLANG_ANALYZER_NONNULL = YES;
				CLANG_ANALYZER_NUMBER_OBJECT_CONVERSION = YES_AGGRESSIVE;
				CLANG_CXX_LANGUAGE_STANDARD = "gnu++20";
				CLANG_ENABLE_MODULES = YES;
				CLANG_ENABLE_OBJC_ARC = YES;
				CLANG_ENABLE_OBJC_WEAK = YES;
				CLANG_WARN_BLOCK_CAPTURE_AUTORELEASING = YES;
				CLANG_WARN_BOOL_CONVERSION = YES;
				CLANG_WARN_COMMA = YES;
				CLANG_WARN_CONSTANT_CONVERSION = YES;
				CLANG_WARN_DEPRECATED_OBJC_IMPLEMENTATIONS = YES;
				CLANG_WARN_DIRECT_OBJC_ISA_USAGE = YES_ERROR;
				CLANG_WARN_DOCUMENTATION_COMMENTS = YES;
				CLANG_WARN_EMPTY_BODY = YES;
				CLANG_WARN_ENUM_CONVERSION = YES;
				CLANG_WARN_INFINITE_RECURSION = YES;
				CLANG_WARN_INT_CONVERSION = YES;
				CLANG_WARN_NON_LITERAL_NULL_CONVERSION = YES;
				CLANG_WARN_OBJC_IMPLICIT_RETAIN_SELF = YES;
				CLANG_WARN_OBJC_LITERAL_CONVERSION = YES;
				CLANG_WARN_OBJC_ROOT_CLASS = YES_ERROR;
				CLANG_WARN_QUOTED_INCLUDE_IN_FRAMEWORK_HEADER = YES;
				CLANG_WARN_RANGE_LOOP_ANALYSIS = YES;
				CLANG_WARN_STRICT_PROTOTYPES = YES;
				CLANG_WARN_SUSPICIOUS_MOVE = YES;
				CLANG_WARN_UNGUARDED_AVAILABILITY = YES_AGGRESSIVE;
				CLANG_WARN_UNREACHABLE_CODE = YES;
				CLANG_WARN__DUPLICATE_METHOD_MATCH = YES;
				COPY_PHASE_STRIP = NO;
				DEBUG_INFORMATION_FORMAT = dwarf;
				ENABLE_STRICT_OBJC_MSGSEND = YES;
				ENABLE_TESTABILITY = YES;
				GCC_C_LANGUAGE_STANDARD = gnu11;
				GCC_DYNAMIC_NO_PIC = NO;
				GCC_NO_COMMON_BLOCKS = YES;
				GCC_OPTIMIZATION_LEVEL = 0;
				GCC_PREPROCESSOR_DEFINITIONS = (
					"DEBUG=1",
					"$(inherited)",
				);
				GCC_WARN_64_TO_32_BIT_CONVERSION = YES;
				GCC_WARN_ABOUT_RETURN_TYPE = YES_ERROR;
				GCC_WARN_UNDECLARED_SELECTOR = YES;
				GCC_WARN_UNINITIALIZED_AUTOS = YES_AGGRESSIVE;
				GCC_WARN_UNUSED_FUNCTION = YES;
				GCC_WARN_UNUSED_VARIABLE = YES;
				IPHONEOS_DEPLOYMENT_TARGET = 13.0;
				MTL_ENABLE_DEBUG_INFO = INCLUDE_SOURCE;
				MTL_FAST_MATH = YES;
				ONLY_ACTIVE_ARCH = YES;
				SDKROOT = iphoneos;
				SWIFT_ACTIVE_COMPILATION_CONDITIONS = DEBUG;
				SWIFT_OPTIMIZATION_LEVEL = "-Onone";
			};
			name = Debug;
		};
		7139FE8029FD1E030081AD59 /* Release */ = {
			isa = XCBuildConfiguration;
			buildSettings = {
				ALWAYS_SEARCH_USER_PATHS = NO;
				CLANG_ANALYZER_NONNULL = YES;
				CLANG_ANALYZER_NUMBER_OBJECT_CONVERSION = YES_AGGRESSIVE;
				CLANG_CXX_LANGUAGE_STANDARD = "gnu++20";
				CLANG_ENABLE_MODULES = YES;
				CLANG_ENABLE_OBJC_ARC = YES;
				CLANG_ENABLE_OBJC_WEAK = YES;
				CLANG_WARN_BLOCK_CAPTURE_AUTORELEASING = YES;
				CLANG_WARN_BOOL_CONVERSION = YES;
				CLANG_WARN_COMMA = YES;
				CLANG_WARN_CONSTANT_CONVERSION = YES;
				CLANG_WARN_DEPRECATED_OBJC_IMPLEMENTATIONS = YES;
				CLANG_WARN_DIRECT_OBJC_ISA_USAGE = YES_ERROR;
				CLANG_WARN_DOCUMENTATION_COMMENTS = YES;
				CLANG_WARN_EMPTY_BODY = YES;
				CLANG_WARN_ENUM_CONVERSION = YES;
				CLANG_WARN_INFINITE_RECURSION = YES;
				CLANG_WARN_INT_CONVERSION = YES;
				CLANG_WARN_NON_LITERAL_NULL_CONVERSION = YES;
				CLANG_WARN_OBJC_IMPLICIT_RETAIN_SELF = YES;
				CLANG_WARN_OBJC_LITERAL_CONVERSION = YES;
				CLANG_WARN_OBJC_ROOT_CLASS = YES_ERROR;
				CLANG_WARN_QUOTED_INCLUDE_IN_FRAMEWORK_HEADER = YES;
				CLANG_WARN_RANGE_LOOP_ANALYSIS = YES;
				CLANG_WARN_STRICT_PROTOTYPES = YES;
				CLANG_WARN_SUSPICIOUS_MOVE = YES;
				CLANG_WARN_UNGUARDED_AVAILABILITY = YES_AGGRESSIVE;
				CLANG_WARN_UNREACHABLE_CODE = YES;
				CLANG_WARN__DUPLICATE_METHOD_MATCH = YES;
				COPY_PHASE_STRIP = NO;
				DEBUG_INFORMATION_FORMAT = "dwarf-with-dsym";
				ENABLE_NS_ASSERTIONS = NO;
				ENABLE_STRICT_OBJC_MSGSEND = YES;
				GCC_C_LANGUAGE_STANDARD = gnu11;
				GCC_NO_COMMON_BLOCKS = YES;
				GCC_WARN_64_TO_32_BIT_CONVERSION = YES;
				GCC_WARN_ABOUT_RETURN_TYPE = YES_ERROR;
				GCC_WARN_UNDECLARED_SELECTOR = YES;
				GCC_WARN_UNINITIALIZED_AUTOS = YES_AGGRESSIVE;
				GCC_WARN_UNUSED_FUNCTION = YES;
				GCC_WARN_UNUSED_VARIABLE = YES;
				IPHONEOS_DEPLOYMENT_TARGET = 13.0;
				MTL_ENABLE_DEBUG_INFO = NO;
				MTL_FAST_MATH = YES;
				SDKROOT = iphoneos;
				SWIFT_COMPILATION_MODE = wholemodule;
				SWIFT_OPTIMIZATION_LEVEL = "-O";
				VALIDATE_PRODUCT = YES;
			};
			name = Release;
		};
		7139FE8229FD1E030081AD59 /* Debug */ = {
			isa = XCBuildConfiguration;
			buildSettings = {
				ASSETCATALOG_COMPILER_APPICON_NAME = AppIcon;
				ASSETCATALOG_COMPILER_GLOBAL_ACCENT_COLOR_NAME = AccentColor;
				CODE_SIGN_STYLE = Automatic;
				CURRENT_PROJECT_VERSION = 1;
				DEVELOPMENT_TEAM = HHH7UM2G2C;
				GENERATE_INFOPLIST_FILE = YES;
				INFOPLIST_FILE = ImageFeed/Info.plist;
				INFOPLIST_KEY_UIApplicationSupportsIndirectInputEvents = YES;
				INFOPLIST_KEY_UILaunchStoryboardName = LaunchScreen;
				INFOPLIST_KEY_UIMainStoryboardFile = Main;
				INFOPLIST_KEY_UIStatusBarStyle = "";
				INFOPLIST_KEY_UISupportedInterfaceOrientations = UIInterfaceOrientationPortrait;
				IPHONEOS_DEPLOYMENT_TARGET = 13.0;
				LD_RUNPATH_SEARCH_PATHS = (
					"$(inherited)",
					"@executable_path/Frameworks",
				);
				MARKETING_VERSION = 1.0;
				PRODUCT_BUNDLE_IDENTIFIER = ru.tinkov.aleksei.ImageFeed;
				PRODUCT_NAME = "$(TARGET_NAME)";
				SWIFT_EMIT_LOC_STRINGS = YES;
				SWIFT_VERSION = 5.0;
				TARGETED_DEVICE_FAMILY = 1;
			};
			name = Debug;
		};
		7139FE8329FD1E030081AD59 /* Release */ = {
			isa = XCBuildConfiguration;
			buildSettings = {
				ASSETCATALOG_COMPILER_APPICON_NAME = AppIcon;
				ASSETCATALOG_COMPILER_GLOBAL_ACCENT_COLOR_NAME = AccentColor;
				CODE_SIGN_STYLE = Automatic;
				CURRENT_PROJECT_VERSION = 1;
				DEVELOPMENT_TEAM = HHH7UM2G2C;
				GENERATE_INFOPLIST_FILE = YES;
				INFOPLIST_FILE = ImageFeed/Info.plist;
				INFOPLIST_KEY_UIApplicationSupportsIndirectInputEvents = YES;
				INFOPLIST_KEY_UILaunchStoryboardName = LaunchScreen;
				INFOPLIST_KEY_UIMainStoryboardFile = Main;
				INFOPLIST_KEY_UIStatusBarStyle = "";
				INFOPLIST_KEY_UISupportedInterfaceOrientations = UIInterfaceOrientationPortrait;
				IPHONEOS_DEPLOYMENT_TARGET = 13.0;
				LD_RUNPATH_SEARCH_PATHS = (
					"$(inherited)",
					"@executable_path/Frameworks",
				);
				MARKETING_VERSION = 1.0;
				PRODUCT_BUNDLE_IDENTIFIER = ru.tinkov.aleksei.ImageFeed;
				PRODUCT_NAME = "$(TARGET_NAME)";
				SWIFT_EMIT_LOC_STRINGS = YES;
				SWIFT_VERSION = 5.0;
				TARGETED_DEVICE_FAMILY = 1;
			};
			name = Release;
		};
/* End XCBuildConfiguration section */

/* Begin XCConfigurationList section */
		71118EC22A5CA619007F2EF2 /* Build configuration list for PBXNativeTarget "ImageFeedTests" */ = {
			isa = XCConfigurationList;
			buildConfigurations = (
				71118EC32A5CA619007F2EF2 /* Debug */,
				71118EC42A5CA619007F2EF2 /* Release */,
			);
			defaultConfigurationIsVisible = 0;
			defaultConfigurationName = Release;
		};
		7139FE6829FD1E020081AD59 /* Build configuration list for PBXProject "ImageFeed" */ = {
			isa = XCConfigurationList;
			buildConfigurations = (
				7139FE7F29FD1E030081AD59 /* Debug */,
				7139FE8029FD1E030081AD59 /* Release */,
			);
			defaultConfigurationIsVisible = 0;
			defaultConfigurationName = Release;
		};
		7139FE8129FD1E030081AD59 /* Build configuration list for PBXNativeTarget "ImageFeed" */ = {
			isa = XCConfigurationList;
			buildConfigurations = (
				7139FE8229FD1E030081AD59 /* Debug */,
				7139FE8329FD1E030081AD59 /* Release */,
			);
			defaultConfigurationIsVisible = 0;
			defaultConfigurationName = Release;
		};
/* End XCConfigurationList section */

/* Begin XCRemoteSwiftPackageReference section */
		719381142A409645006C662D /* XCRemoteSwiftPackageReference "SwiftKeychainWrapper" */ = {
			isa = XCRemoteSwiftPackageReference;
			repositoryURL = "https://github.com/jrendel/SwiftKeychainWrapper";
			requirement = {
				kind = upToNextMajorVersion;
				minimumVersion = 4.0.0;
			};
		};
		71AE683C2A3722FA007593BA /* XCRemoteSwiftPackageReference "ProgressHUD" */ = {
			isa = XCRemoteSwiftPackageReference;
			repositoryURL = "https://github.com/relatedcode/ProgressHUD";
			requirement = {
				kind = upToNextMajorVersion;
				minimumVersion = 13.0.0;
			};
		};
		71DD306E2A4063B40056304B /* XCRemoteSwiftPackageReference "Kingfisher" */ = {
			isa = XCRemoteSwiftPackageReference;
			repositoryURL = "https://github.com/onevcat/Kingfisher";
			requirement = {
				kind = upToNextMajorVersion;
				minimumVersion = 7.0.0;
			};
		};
/* End XCRemoteSwiftPackageReference section */

/* Begin XCSwiftPackageProductDependency section */
		719381152A409645006C662D /* SwiftKeychainWrapper */ = {
			isa = XCSwiftPackageProductDependency;
			package = 719381142A409645006C662D /* XCRemoteSwiftPackageReference "SwiftKeychainWrapper" */;
			productName = SwiftKeychainWrapper;
		};
		71AE683D2A3722FA007593BA /* ProgressHUD */ = {
			isa = XCSwiftPackageProductDependency;
			package = 71AE683C2A3722FA007593BA /* XCRemoteSwiftPackageReference "ProgressHUD" */;
			productName = ProgressHUD;
		};
		71DD306F2A4063B40056304B /* Kingfisher */ = {
			isa = XCSwiftPackageProductDependency;
			package = 71DD306E2A4063B40056304B /* XCRemoteSwiftPackageReference "Kingfisher" */;
			productName = Kingfisher;
		};
/* End XCSwiftPackageProductDependency section */
	};
	rootObject = 7139FE6529FD1E020081AD59 /* Project object */;
}
